
Microsoft Visual Studio Solution File, Format Version 12.00
# Visual Studio Version 16
VisualStudioVersion = 16.0.31205.134
MinimumVisualStudioVersion = 10.0.40219.1
Project("{8BC9CEB8-8B4A-11D0-8D11-00A0C91BC942}") = "ConsoleApplication53", "ConsoleApplication53.vcxproj", "{15DD3532-4903-4000-AD47-9BEEDFD9EB53}"
EndProject
Global
	GlobalSection(SolutionConfigurationPlatforms) = preSolution
		Debug|x64 = Debug|x64
		Debug|x86 = Debug|x86
		Release|x64 = Release|x64
		Release|x86 = Release|x86
	EndGlobalSection
	GlobalSection(ProjectConfigurationPlatforms) = postSolution
		{15DD3532-4903-4000-AD47-9BEEDFD9EB53}.Debug|x64.ActiveCfg = Debug|x64
		{15DD3532-4903-4000-AD47-9BEEDFD9EB53}.Debug|x64.Build.0 = Debug|x64
		{15DD3532-4903-4000-AD47-9BEEDFD9EB53}.Debug|x86.ActiveCfg = Debug|Win32
		{15DD3532-4903-4000-AD47-9BEEDFD9EB53}.Debug|x86.Build.0 = Debug|Win32
		{15DD3532-4903-4000-AD47-9BEEDFD9EB53}.Release|x64.ActiveCfg = Release|x64
		{15DD3532-4903-4000-AD47-9BEEDFD9EB53}.Release|x64.Build.0 = Release|x64
		{15DD3532-4903-4000-AD47-9BEEDFD9EB53}.Release|x86.ActiveCfg = Release|Win32
		{15DD3532-4903-4000-AD47-9BEEDFD9EB53}.Release|x86.Build.0 = Release|Win32
	EndGlobalSection
	GlobalSection(SolutionProperties) = preSolution
		HideSolutionNode = FALSE
	EndGlobalSection
	GlobalSection(ExtensibilityGlobals) = postSolution
		SolutionGuid = {65226910-2997-4FA4-846F-49C25BBB2D86}
	EndGlobalSection
EndGlobal
